
Microsoft Visual Studio Solution File, Format Version 12.00
# Visual Studio Version 17
VisualStudioVersion = 17.2.32516.85
MinimumVisualStudioVersion = 10.0.40219.1
Project("{2150E333-8FDC-42A3-9474-1A3956D46DE8}") = "лаб1", "лаб1", "{E48A0CB5-1769-49B6-B48C-CDE0B5494F07}"
EndProject
Project("{9A19103F-16F7-4668-BE54-9A1E7A4F7556}") = "DivideIt", "лаб1\DivideIt\DivideIt.csproj", "{A7678862-7D8E-4F5B-BD7E-6E2CDABCF19F}"
EndProject
Project("{9A19103F-16F7-4668-BE54-9A1E7A4F7556}") = "Greetings", "лаб1\Greetings\Greetings.csproj", "{9FDA9439-EFEA-4247-922A-EF43127F7FBE}"
EndProject
Project("{2150E333-8FDC-42A3-9474-1A3956D46DE8}") = "лаб2", "лаб2", "{C7E8E082-4E13-4783-A006-D352C3696CD7}"
EndProject
Project("{9A19103F-16F7-4668-BE54-9A1E7A4F7556}") = "StructType", "лаб2\StructType\StructType.csproj", "{638C91C6-48A8-4A89-9C61-F21DFBFA918E}"
EndProject
Project("{9A19103F-16F7-4668-BE54-9A1E7A4F7556}") = "BankAccount", "лаб2\BankAccount\BankAccount.csproj", "{86AE069C-A280-46D5-A056-88FA9D8C7DD8}"
EndProject
Project("{2150E333-8FDC-42A3-9474-1A3956D46DE8}") = "лаб3", "лаб3", "{B6AEC201-E532-44BA-B8F7-5759071C9FB5}"
EndProject
Project("{9A19103F-16F7-4668-BE54-9A1E7A4F7556}") = "WhatDay1", "лаб3\WhatDay1\WhatDay1.csproj", "{75C13DF3-AF04-4E37-B6ED-908AE1B98862}"
EndProject
Project("{9A19103F-16F7-4668-BE54-9A1E7A4F7556}") = "WhatDay2", "лаб3\WhatDay2\WhatDay2\WhatDay2.csproj", "{B53FB6B0-70DD-4195-A620-6E51A70726F2}"
EndProject
Project("{9A19103F-16F7-4668-BE54-9A1E7A4F7556}") = "WhatDay3", "лаб3\WhatDay3\WhatDay3\WhatDay3.csproj", "{FDCA5274-5E7E-4BE4-A972-C964B8022CC9}"
EndProject
Project("{2150E333-8FDC-42A3-9474-1A3956D46DE8}") = "лаб4", "лаб4", "{992D5B78-8919-414C-8307-6844D71ADF19}"
EndProject
Project("{9A19103F-16F7-4668-BE54-9A1E7A4F7556}") = "Utility", "лаб4\Utility\Utility.csproj", "{22B5A327-CFCD-4D34-9DF9-E55580B683F2}"
EndProject
Project("{2150E333-8FDC-42A3-9474-1A3956D46DE8}") = "лаб5", "лаб5", "{3739A62D-6D72-4599-AE88-D5524DC1ED86}"
EndProject
Project("{9A19103F-16F7-4668-BE54-9A1E7A4F7556}") = "FileDetails", "лаб5\FileDetails\FileDetails.csproj", "{C0A6282D-7B0A-44FC-B84D-DDC7BFD28608}"
EndProject
Project("{2150E333-8FDC-42A3-9474-1A3956D46DE8}") = "лаб6", "лаб6", "{68AECEB7-E981-4221-B46A-E849A274EBAB}"
EndProject
Project("{9A19103F-16F7-4668-BE54-9A1E7A4F7556}") = "CreateAccounts", "лаб6\CreateAccount\CreateAccounts.csproj", "{696BC42C-0871-4A5C-825D-253749403A38}"
EndProject
Project("{2150E333-8FDC-42A3-9474-1A3956D46DE8}") = "лаб7", "лаб7", "{25AA35C5-A0FB-439F-B0E0-5E4411172FEC}"
EndProject
Project("{9A19103F-16F7-4668-BE54-9A1E7A4F7556}") = "Transfer", "лаб7\Transfer\Transfer.csproj", "{5F19711E-94A3-412F-BACD-00E0C2F726C9}"
EndProject
Project("{2150E333-8FDC-42A3-9474-1A3956D46DE8}") = "лаб8", "лаб8", "{355EC737-0696-4826-98E6-2BFAA7824933}"
EndProject
Project("{9A19103F-16F7-4668-BE54-9A1E7A4F7556}") = "Constructors", "лаб8\Constructors\Constructors.csproj", "{D36DCB55-BDC6-4C98-9DCF-6A46026A5C15}"
EndProject
Project("{2150E333-8FDC-42A3-9474-1A3956D46DE8}") = "лаб9", "лаб9", "{2141BFD8-685D-49A0-AF8D-AD51C37CE893}"
EndProject
Project("{FAE04EC0-301F-11D3-BF4B-00C04F79EFBC}") = "ColorTokeniser", "лаб9\ColorTokeniser\ColorTokeniser.csproj", "{57D575F7-88A8-48D8-9AF6-EC7BCAACD051}"
EndProject
Global
	GlobalSection(SolutionConfigurationPlatforms) = preSolution
		Debug|Any CPU = Debug|Any CPU
		Release|Any CPU = Release|Any CPU
	EndGlobalSection
	GlobalSection(ProjectConfigurationPlatforms) = postSolution
		{A7678862-7D8E-4F5B-BD7E-6E2CDABCF19F}.Debug|Any CPU.ActiveCfg = Debug|Any CPU
		{A7678862-7D8E-4F5B-BD7E-6E2CDABCF19F}.Debug|Any CPU.Build.0 = Debug|Any CPU
		{A7678862-7D8E-4F5B-BD7E-6E2CDABCF19F}.Release|Any CPU.ActiveCfg = Release|Any CPU
		{A7678862-7D8E-4F5B-BD7E-6E2CDABCF19F}.Release|Any CPU.Build.0 = Release|Any CPU
		{9FDA9439-EFEA-4247-922A-EF43127F7FBE}.Debug|Any CPU.ActiveCfg = Debug|Any CPU
		{9FDA9439-EFEA-4247-922A-EF43127F7FBE}.Debug|Any CPU.Build.0 = Debug|Any CPU
		{9FDA9439-EFEA-4247-922A-EF43127F7FBE}.Release|Any CPU.ActiveCfg = Release|Any CPU
		{9FDA9439-EFEA-4247-922A-EF43127F7FBE}.Release|Any CPU.Build.0 = Release|Any CPU
		{638C91C6-48A8-4A89-9C61-F21DFBFA918E}.Debug|Any CPU.ActiveCfg = Debug|Any CPU
		{638C91C6-48A8-4A89-9C61-F21DFBFA918E}.Debug|Any CPU.Build.0 = Debug|Any CPU
		{638C91C6-48A8-4A89-9C61-F21DFBFA918E}.Release|Any CPU.ActiveCfg = Release|Any CPU
		{638C91C6-48A8-4A89-9C61-F21DFBFA918E}.Release|Any CPU.Build.0 = Release|Any CPU
		{86AE069C-A280-46D5-A056-88FA9D8C7DD8}.Debug|Any CPU.ActiveCfg = Debug|Any CPU
		{86AE069C-A280-46D5-A056-88FA9D8C7DD8}.Debug|Any CPU.Build.0 = Debug|Any CPU
		{86AE069C-A280-46D5-A056-88FA9D8C7DD8}.Release|Any CPU.ActiveCfg = Release|Any CPU
		{86AE069C-A280-46D5-A056-88FA9D8C7DD8}.Release|Any CPU.Build.0 = Release|Any CPU
		{75C13DF3-AF04-4E37-B6ED-908AE1B98862}.Debug|Any CPU.ActiveCfg = Debug|Any CPU
		{75C13DF3-AF04-4E37-B6ED-908AE1B98862}.Debug|Any CPU.Build.0 = Debug|Any CPU
		{75C13DF3-AF04-4E37-B6ED-908AE1B98862}.Release|Any CPU.ActiveCfg = Release|Any CPU
		{75C13DF3-AF04-4E37-B6ED-908AE1B98862}.Release|Any CPU.Build.0 = Release|Any CPU
		{B53FB6B0-70DD-4195-A620-6E51A70726F2}.Debug|Any CPU.ActiveCfg = Debug|Any CPU
		{B53FB6B0-70DD-4195-A620-6E51A70726F2}.Debug|Any CPU.Build.0 = Debug|Any CPU
		{B53FB6B0-70DD-4195-A620-6E51A70726F2}.Release|Any CPU.ActiveCfg = Release|Any CPU
		{B53FB6B0-70DD-4195-A620-6E51A70726F2}.Release|Any CPU.Build.0 = Release|Any CPU
		{FDCA5274-5E7E-4BE4-A972-C964B8022CC9}.Debug|Any CPU.ActiveCfg = Debug|Any CPU
		{FDCA5274-5E7E-4BE4-A972-C964B8022CC9}.Debug|Any CPU.Build.0 = Debug|Any CPU
		{FDCA5274-5E7E-4BE4-A972-C964B8022CC9}.Release|Any CPU.ActiveCfg = Release|Any CPU
		{FDCA5274-5E7E-4BE4-A972-C964B8022CC9}.Release|Any CPU.Build.0 = Release|Any CPU
		{22B5A327-CFCD-4D34-9DF9-E55580B683F2}.Debug|Any CPU.ActiveCfg = Debug|Any CPU
		{22B5A327-CFCD-4D34-9DF9-E55580B683F2}.Debug|Any CPU.Build.0 = Debug|Any CPU
		{22B5A327-CFCD-4D34-9DF9-E55580B683F2}.Release|Any CPU.ActiveCfg = Release|Any CPU
		{22B5A327-CFCD-4D34-9DF9-E55580B683F2}.Release|Any CPU.Build.0 = Release|Any CPU
		{C0A6282D-7B0A-44FC-B84D-DDC7BFD28608}.Debug|Any CPU.ActiveCfg = Debug|Any CPU
		{C0A6282D-7B0A-44FC-B84D-DDC7BFD28608}.Debug|Any CPU.Build.0 = Debug|Any CPU
		{C0A6282D-7B0A-44FC-B84D-DDC7BFD28608}.Release|Any CPU.ActiveCfg = Release|Any CPU
		{C0A6282D-7B0A-44FC-B84D-DDC7BFD28608}.Release|Any CPU.Build.0 = Release|Any CPU
		{696BC42C-0871-4A5C-825D-253749403A38}.Debug|Any CPU.ActiveCfg = Debug|Any CPU
		{696BC42C-0871-4A5C-825D-253749403A38}.Debug|Any CPU.Build.0 = Debug|Any CPU
		{696BC42C-0871-4A5C-825D-253749403A38}.Release|Any CPU.ActiveCfg = Release|Any CPU
		{696BC42C-0871-4A5C-825D-253749403A38}.Release|Any CPU.Build.0 = Release|Any CPU
		{5F19711E-94A3-412F-BACD-00E0C2F726C9}.Debug|Any CPU.ActiveCfg = Debug|Any CPU
		{5F19711E-94A3-412F-BACD-00E0C2F726C9}.Debug|Any CPU.Build.0 = Debug|Any CPU
		{5F19711E-94A3-412F-BACD-00E0C2F726C9}.Release|Any CPU.ActiveCfg = Release|Any CPU
		{5F19711E-94A3-412F-BACD-00E0C2F726C9}.Release|Any CPU.Build.0 = Release|Any CPU
		{D36DCB55-BDC6-4C98-9DCF-6A46026A5C15}.Debug|Any CPU.ActiveCfg = Debug|Any CPU
		{D36DCB55-BDC6-4C98-9DCF-6A46026A5C15}.Debug|Any CPU.Build.0 = Debug|Any CPU
		{D36DCB55-BDC6-4C98-9DCF-6A46026A5C15}.Release|Any CPU.ActiveCfg = Release|Any CPU
		{D36DCB55-BDC6-4C98-9DCF-6A46026A5C15}.Release|Any CPU.Build.0 = Release|Any CPU
		{57D575F7-88A8-48D8-9AF6-EC7BCAACD051}.Debug|Any CPU.ActiveCfg = Debug|Any CPU
		{57D575F7-88A8-48D8-9AF6-EC7BCAACD051}.Debug|Any CPU.Build.0 = Debug|Any CPU
		{57D575F7-88A8-48D8-9AF6-EC7BCAACD051}.Release|Any CPU.ActiveCfg = Release|Any CPU
		{57D575F7-88A8-48D8-9AF6-EC7BCAACD051}.Release|Any CPU.Build.0 = Release|Any CPU
	EndGlobalSection
	GlobalSection(SolutionProperties) = preSolution
		HideSolutionNode = FALSE
	EndGlobalSection
	GlobalSection(NestedProjects) = preSolution
		{A7678862-7D8E-4F5B-BD7E-6E2CDABCF19F} = {E48A0CB5-1769-49B6-B48C-CDE0B5494F07}
		{9FDA9439-EFEA-4247-922A-EF43127F7FBE} = {E48A0CB5-1769-49B6-B48C-CDE0B5494F07}
		{638C91C6-48A8-4A89-9C61-F21DFBFA918E} = {C7E8E082-4E13-4783-A006-D352C3696CD7}
		{86AE069C-A280-46D5-A056-88FA9D8C7DD8} = {C7E8E082-4E13-4783-A006-D352C3696CD7}
		{75C13DF3-AF04-4E37-B6ED-908AE1B98862} = {B6AEC201-E532-44BA-B8F7-5759071C9FB5}
		{B53FB6B0-70DD-4195-A620-6E51A70726F2} = {B6AEC201-E532-44BA-B8F7-5759071C9FB5}
		{FDCA5274-5E7E-4BE4-A972-C964B8022CC9} = {B6AEC201-E532-44BA-B8F7-5759071C9FB5}
		{22B5A327-CFCD-4D34-9DF9-E55580B683F2} = {992D5B78-8919-414C-8307-6844D71ADF19}
		{C0A6282D-7B0A-44FC-B84D-DDC7BFD28608} = {3739A62D-6D72-4599-AE88-D5524DC1ED86}
		{696BC42C-0871-4A5C-825D-253749403A38} = {68AECEB7-E981-4221-B46A-E849A274EBAB}
		{5F19711E-94A3-412F-BACD-00E0C2F726C9} = {25AA35C5-A0FB-439F-B0E0-5E4411172FEC}
		{D36DCB55-BDC6-4C98-9DCF-6A46026A5C15} = {355EC737-0696-4826-98E6-2BFAA7824933}
		{57D575F7-88A8-48D8-9AF6-EC7BCAACD051} = {2141BFD8-685D-49A0-AF8D-AD51C37CE893}
	EndGlobalSection
	GlobalSection(ExtensibilityGlobals) = postSolution
		SolutionGuid = {00B82544-E700-4593-AD9D-A1D2C7047216}
	EndGlobalSection
EndGlobal
